
Microsoft Visual Studio Solution File, Format Version 12.00
# Visual Studio Version 17
VisualStudioVersion = 17.10.35027.167
MinimumVisualStudioVersion = 10.0.40219.1
Project("{9A19103F-16F7-4668-BE54-9A1E7A4F7556}") = "OEE_Solution_For_Demo", "OEE_Solution_For_Demo.csproj", "{DF5ED1E5-A153-FEAD-262D-55858C54C6C0}"
EndProject
Global
	GlobalSection(SolutionConfigurationPlatforms) = preSolution
		Debug|Any CPU = Debug|Any CPU
		Release|Any CPU = Release|Any CPU
	EndGlobalSection
	GlobalSection(ProjectConfigurationPlatforms) = postSolution
		{DF5ED1E5-A153-FEAD-262D-55858C54C6C0}.Debug|Any CPU.ActiveCfg = Debug|Any CPU
		{DF5ED1E5-A153-FEAD-262D-55858C54C6C0}.Debug|Any CPU.Build.0 = Debug|Any CPU
		{DF5ED1E5-A153-FEAD-262D-55858C54C6C0}.Release|Any CPU.ActiveCfg = Release|Any CPU
		{DF5ED1E5-A153-FEAD-262D-55858C54C6C0}.Release|Any CPU.Build.0 = Release|Any CPU
	EndGlobalSection
	GlobalSection(SolutionProperties) = preSolution
		HideSolutionNode = FALSE
	EndGlobalSection
EndGlobal
